
Microsoft Visual Studio Solution File, Format Version 12.00
# Visual Studio 2013
VisualStudioVersion = 12.0.21005.1
MinimumVisualStudioVersion = 10.0.40219.1
Project("{FAE04EC0-301F-11D3-BF4B-00C04F79EFBC}") = "BMK API", "BMK API\BMK API.csproj", "{A506802F-77C4-47F7-A215-BD2FCEF912B9}"
EndProject
Project("{FAE04EC0-301F-11D3-BF4B-00C04F79EFBC}") = "BMK API.Tests", "BMK API.Tests\BMK API.Tests.csproj", "{4F92A36B-F91B-4056-AA9D-64DF045A74E1}"
EndProject
Project("{FAE04EC0-301F-11D3-BF4B-00C04F79EFBC}") = "BMK.DAL", "BMK.DAL\BMK.DAL.csproj", "{71A350B0-9C3D-4E1A-A12A-561A10083FF6}"
EndProject
Project("{FAE04EC0-301F-11D3-BF4B-00C04F79EFBC}") = "BMK.DAL.Tests", "BMK.DAL.Tests\BMK.DAL.Tests.csproj", "{40493646-B564-4626-ABED-9B2519D5DC2B}"
EndProject
Project("{FAE04EC0-301F-11D3-BF4B-00C04F79EFBC}") = "BMK.Models", "BMK.Models\BMK.Models.csproj", "{D318330F-8E9F-405F-B9EB-6379B9F710C6}"
EndProject
Global
	GlobalSection(SolutionConfigurationPlatforms) = preSolution
		Debug|Any CPU = Debug|Any CPU
		Release|Any CPU = Release|Any CPU
	EndGlobalSection
	GlobalSection(ProjectConfigurationPlatforms) = postSolution
		{A506802F-77C4-47F7-A215-BD2FCEF912B9}.Debug|Any CPU.ActiveCfg = Debug|Any CPU
		{A506802F-77C4-47F7-A215-BD2FCEF912B9}.Debug|Any CPU.Build.0 = Debug|Any CPU
		{A506802F-77C4-47F7-A215-BD2FCEF912B9}.Release|Any CPU.ActiveCfg = Release|Any CPU
		{A506802F-77C4-47F7-A215-BD2FCEF912B9}.Release|Any CPU.Build.0 = Release|Any CPU
		{4F92A36B-F91B-4056-AA9D-64DF045A74E1}.Debug|Any CPU.ActiveCfg = Debug|Any CPU
		{4F92A36B-F91B-4056-AA9D-64DF045A74E1}.Debug|Any CPU.Build.0 = Debug|Any CPU
		{4F92A36B-F91B-4056-AA9D-64DF045A74E1}.Release|Any CPU.ActiveCfg = Release|Any CPU
		{4F92A36B-F91B-4056-AA9D-64DF045A74E1}.Release|Any CPU.Build.0 = Release|Any CPU
		{71A350B0-9C3D-4E1A-A12A-561A10083FF6}.Debug|Any CPU.ActiveCfg = Debug|Any CPU
		{71A350B0-9C3D-4E1A-A12A-561A10083FF6}.Debug|Any CPU.Build.0 = Debug|Any CPU
		{71A350B0-9C3D-4E1A-A12A-561A10083FF6}.Release|Any CPU.ActiveCfg = Release|Any CPU
		{71A350B0-9C3D-4E1A-A12A-561A10083FF6}.Release|Any CPU.Build.0 = Release|Any CPU
		{40493646-B564-4626-ABED-9B2519D5DC2B}.Debug|Any CPU.ActiveCfg = Debug|Any CPU
		{40493646-B564-4626-ABED-9B2519D5DC2B}.Debug|Any CPU.Build.0 = Debug|Any CPU
		{40493646-B564-4626-ABED-9B2519D5DC2B}.Release|Any CPU.ActiveCfg = Release|Any CPU
		{40493646-B564-4626-ABED-9B2519D5DC2B}.Release|Any CPU.Build.0 = Release|Any CPU
		{D318330F-8E9F-405F-B9EB-6379B9F710C6}.Debug|Any CPU.ActiveCfg = Debug|Any CPU
		{D318330F-8E9F-405F-B9EB-6379B9F710C6}.Debug|Any CPU.Build.0 = Debug|Any CPU
		{D318330F-8E9F-405F-B9EB-6379B9F710C6}.Release|Any CPU.ActiveCfg = Release|Any CPU
		{D318330F-8E9F-405F-B9EB-6379B9F710C6}.Release|Any CPU.Build.0 = Release|Any CPU
	EndGlobalSection
	GlobalSection(SolutionProperties) = preSolution
		HideSolutionNode = FALSE
	EndGlobalSection
EndGlobal
